version = 1
revision = 3
requires-python = ">=3.12"

[[package]]
name = "boto3"
version = "1.40.30"
source = { registry = "https://pypi.org/simple" }
dependencies = [
    { name = "botocore" },
    { name = "jmespath" },
    { name = "s3transfer" },
]
sdist = { url = "https://files.pythonhosted.org/packages/77/a7/3fde131d2431d1801e3f16f1b428cf9b8c6677996716c5286a72eb43ecb7/boto3-1.40.30.tar.gz", hash = "sha256:e95db539c938710917f4cb4fc5915f71b27f2c836d949a1a95df7895d2e9ec8b", size = 111636, upload-time = "2025-09-12T19:23:22.625Z" }
wheels = [
    { url = "https://files.pythonhosted.org/packages/3f/43/f1865e3e2aa91c1aa54db90a82ed17b8c0dc60c354045adf1c2134e5cbd8/boto3-1.40.30-py3-none-any.whl", hash = "sha256:04e89abf61240857bf7dec160e22f097eec68c502509b2bb3c5010a22cb91052", size = 139343, upload-time = "2025-09-12T19:23:20.728Z" },
]

[[package]]
name = "botocore"
version = "1.40.30"
source = { registry = "https://pypi.org/simple" }
dependencies = [
    { name = "jmespath" },
    { name = "python-dateutil" },
    { name = "urllib3" },
]
sdist = { url = "https://files.pythonhosted.org/packages/c5/be/086ff6f031c407540e8226b3a4921dd18a05688224324c2df60457f9bcc0/botocore-1.40.30.tar.gz", hash = "sha256:8a74f77cfe5c519826d22f7613f89544cbb8491a1a49d965031bd997f89a8e3f", size = 14349135, upload-time = "2025-09-12T19:23:12.57Z" }
wheels = [
    { url = "https://files.pythonhosted.org/packages/ad/a8/3644f482b7b319f3fda87d4583f7b073c0cdf4a6d1b58e5a92555fe3e2e3/botocore-1.40.30-py3-none-any.whl", hash = "sha256:1d87874ad81234bec3e83f9de13618f67ccdfefd08d6b8babc041cd45007447e", size = 14022003, upload-time = "2025-09-12T19:23:09.163Z" },
]

[[package]]
name = "certifi"
version = "2024.6.2"
source = { registry = "https://pypi.org/simple" }
sdist = { url = "https://files.pythonhosted.org/packages/07/b3/e02f4f397c81077ffc52a538e0aec464016f1860c472ed33bd2a1d220cc5/certifi-2024.6.2.tar.gz", hash = "sha256:3cd43f1c6fa7dedc5899d69d3ad0398fd018ad1a17fba83ddaf78aa46c747516", size = 165550, upload-time = "2024-06-02T01:45:25.48Z" }
wheels = [
    { url = "https://files.pythonhosted.org/packages/5b/11/1e78951465b4a225519b8c3ad29769c49e0d8d157a070f681d5b6d64737f/certifi-2024.6.2-py3-none-any.whl", hash = "sha256:ddc6c8ce995e6987e7faf5e3f1b02b302836a0e5d98ece18392cb1a36c72ad56", size = 164433, upload-time = "2024-06-02T01:45:23.134Z" },
]

[[package]]
name = "charset-normalizer"
version = "3.3.2"
source = { registry = "https://pypi.org/simple" }
sdist = { url = "https://files.pythonhosted.org/packages/63/09/c1bc53dab74b1816a00d8d030de5bf98f724c52c1635e07681d312f20be8/charset-normalizer-3.3.2.tar.gz", hash = "sha256:f30c3cb33b24454a82faecaf01b19c18562b1e89558fb6c56de4d9118a032fd5", size = 104809, upload-time = "2023-11-01T04:04:59.997Z" }
wheels = [
    { url = "https://files.pythonhosted.org/packages/d1/b2/fcedc8255ec42afee97f9e6f0145c734bbe104aac28300214593eb326f1d/charset_normalizer-3.3.2-cp312-cp312-macosx_10_9_universal2.whl", hash = "sha256:0b2b64d2bb6d3fb9112bafa732def486049e63de9618b5843bcdd081d8144cd8", size = 192892, upload-time = "2023-11-01T04:03:24.135Z" },
    { url = "https://files.pythonhosted.org/packages/2e/7d/2259318c202f3d17f3fe6438149b3b9e706d1070fe3fcbb28049730bb25c/charset_normalizer-3.3.2-cp312-cp312-macosx_10_9_x86_64.whl", hash = "sha256:ddbb2551d7e0102e7252db79ba445cdab71b26640817ab1e3e3648dad515003b", size = 122213, upload-time = "2023-11-01T04:03:25.66Z" },
    { url = "https://files.pythonhosted.org/packages/3a/52/9f9d17c3b54dc238de384c4cb5a2ef0e27985b42a0e5cc8e8a31d918d48d/charset_normalizer-3.3.2-cp312-cp312-macosx_11_0_arm64.whl", hash = "sha256:55086ee1064215781fff39a1af09518bc9255b50d6333f2e4c74ca09fac6a8f6", size = 119404, upload-time = "2023-11-01T04:03:27.04Z" },
    { url = "https://files.pythonhosted.org/packages/99/b0/9c365f6d79a9f0f3c379ddb40a256a67aa69c59609608fe7feb6235896e1/charset_normalizer-3.3.2-cp312-cp312-manylinux_2_17_aarch64.manylinux2014_aarch64.whl", hash = "sha256:8f4a014bc36d3c57402e2977dada34f9c12300af536839dc38c0beab8878f38a", size = 137275, upload-time = "2023-11-01T04:03:28.466Z" },
    { url = "https://files.pythonhosted.org/packages/91/33/749df346e93d7a30cdcb90cbfdd41a06026317bfbfb62cd68307c1a3c543/charset_normalizer-3.3.2-cp312-cp312-manylinux_2_17_ppc64le.manylinux2014_ppc64le.whl", hash = "sha256:a10af20b82360ab00827f916a6058451b723b4e65030c5a18577c8b2de5b3389", size = 147518, upload-time = "2023-11-01T04:03:29.82Z" },
    { url = "https://files.pythonhosted.org/packages/72/1a/641d5c9f59e6af4c7b53da463d07600a695b9824e20849cb6eea8a627761/charset_normalizer-3.3.2-cp312-cp312-manylinux_2_17_s390x.manylinux2014_s390x.whl", hash = "sha256:8d756e44e94489e49571086ef83b2bb8ce311e730092d2c34ca8f7d925cb20aa", size = 140182, upload-time = "2023-11-01T04:03:31.511Z" },
    { url = "https://files.pythonhosted.org/packages/ee/fb/14d30eb4956408ee3ae09ad34299131fb383c47df355ddb428a7331cfa1e/charset_normalizer-3.3.2-cp312-cp312-manylinux_2_17_x86_64.manylinux2014_x86_64.whl", hash = "sha256:90d558489962fd4918143277a773316e56c72da56ec7aa3dc3dbbe20fdfed15b", size = 141869, upload-time = "2023-11-01T04:03:32.887Z" },
    { url = "https://files.pythonhosted.org/packages/df/3e/a06b18788ca2eb6695c9b22325b6fde7dde0f1d1838b1792a0076f58fe9d/charset_normalizer-3.3.2-cp312-cp312-manylinux_2_5_i686.manylinux1_i686.manylinux_2_17_i686.manylinux2014_i686.whl", hash = "sha256:6ac7ffc7ad6d040517be39eb591cac5ff87416c2537df6ba3cba3bae290c0fed", size = 144042, upload-time = "2023-11-01T04:03:34.412Z" },
    { url = "https://files.pythonhosted.org/packages/45/59/3d27019d3b447a88fe7e7d004a1e04be220227760264cc41b405e863891b/charset_normalizer-3.3.2-cp312-cp312-musllinux_1_1_aarch64.whl", hash = "sha256:7ed9e526742851e8d5cc9e6cf41427dfc6068d4f5a3bb03659444b4cabf6bc26", size = 138275, upload-time = "2023-11-01T04:03:35.759Z" },
    { url = "https://files.pythonhosted.org/packages/7b/ef/5eb105530b4da8ae37d506ccfa25057961b7b63d581def6f99165ea89c7e/charset_normalizer-3.3.2-cp312-cp312-musllinux_1_1_i686.whl", hash = "sha256:8bdb58ff7ba23002a4c5808d608e4e6c687175724f54a5dade5fa8c67b604e4d", size = 144819, upload-time = "2023-11-01T04:03:37.216Z" },
    { url = "https://files.pythonhosted.org/packages/a2/51/e5023f937d7f307c948ed3e5c29c4b7a3e42ed2ee0b8cdf8f3a706089bf0/charset_normalizer-3.3.2-cp312-cp312-musllinux_1_1_ppc64le.whl", hash = "sha256:6b3251890fff30ee142c44144871185dbe13b11bab478a88887a639655be1068", size = 149415, upload-time = "2023-11-01T04:03:38.694Z" },
    { url = "https://files.pythonhosted.org/packages/24/9d/2e3ef673dfd5be0154b20363c5cdcc5606f35666544381bee15af3778239/charset_normalizer-3.3.2-cp312-cp312-musllinux_1_1_s390x.whl", hash = "sha256:b4a23f61ce87adf89be746c8a8974fe1c823c891d8f86eb218bb957c924bb143", size = 141212, upload-time = "2023-11-01T04:03:40.07Z" },
    { url = "https://files.pythonhosted.org/packages/5b/ae/ce2c12fcac59cb3860b2e2d76dc405253a4475436b1861d95fe75bdea520/charset_normalizer-3.3.2-cp312-cp312-musllinux_1_1_x86_64.whl", hash = "sha256:efcb3f6676480691518c177e3b465bcddf57cea040302f9f4e6e191af91174d4", size = 142167, upload-time = "2023-11-01T04:03:41.491Z" },
    { url = "https://files.pythonhosted.org/packages/ed/3a/a448bf035dce5da359daf9ae8a16b8a39623cc395a2ffb1620aa1bce62b0/charset_normalizer-3.3.2-cp312-cp312-win32.whl", hash = "sha256:d965bba47ddeec8cd560687584e88cf699fd28f192ceb452d1d7ee807c5597b7", size = 93041, upload-time = "2023-11-01T04:03:42.836Z" },
    { url = "https://files.pythonhosted.org/packages/b6/7c/8debebb4f90174074b827c63242c23851bdf00a532489fba57fef3416e40/charset_normalizer-3.3.2-cp312-cp312-win_amd64.whl", hash = "sha256:96b02a3dc4381e5494fad39be677abcb5e6634bf7b4fa83a6dd3112607547001", size = 100397, upload-time = "2023-11-01T04:03:44.467Z" },
    { url = "https://files.pythonhosted.org/packages/28/76/e6222113b83e3622caa4bb41032d0b1bf785250607392e1b778aca0b8a7d/charset_normalizer-3.3.2-py3-none-any.whl", hash = "sha256:3e4d1f6587322d2788836a99c69062fbb091331ec940e02d12d179c1d53e25fc", size = 48543, upload-time = "2023-11-01T04:04:58.622Z" },
]

[[package]]
name = "dnspython"
version = "2.7.0"
source = { registry = "https://pypi.org/simple" }
sdist = { url = "https://files.pythonhosted.org/packages/b5/4a/263763cb2ba3816dd94b08ad3a33d5fdae34ecb856678773cc40a3605829/dnspython-2.7.0.tar.gz", hash = "sha256:ce9c432eda0dc91cf618a5cedf1a4e142651196bbcd2c80e89ed5a907e5cfaf1", size = 345197, upload-time = "2024-10-05T20:14:59.362Z" }
wheels = [
    { url = "https://files.pythonhosted.org/packages/68/1b/e0a87d256e40e8c888847551b20a017a6b98139178505dc7ffb96f04e954/dnspython-2.7.0-py3-none-any.whl", hash = "sha256:b4c34b7d10b51bcc3a5071e7b8dee77939f1e878477eeecc965e9835f63c6c86", size = 313632, upload-time = "2024-10-05T20:14:57.687Z" },
]

[[package]]
name = "idna"
version = "3.7"
source = { registry = "https://pypi.org/simple" }
sdist = { url = "https://files.pythonhosted.org/packages/21/ed/f86a79a07470cb07819390452f178b3bef1d375f2ec021ecfc709fc7cf07/idna-3.7.tar.gz", hash = "sha256:028ff3aadf0609c1fd278d8ea3089299412a7a8b9bd005dd08b9f8285bcb5cfc", size = 189575, upload-time = "2024-04-11T03:34:43.276Z" }
wheels = [
    { url = "https://files.pythonhosted.org/packages/e5/3e/741d8c82801c347547f8a2a06aa57dbb1992be9e948df2ea0eda2c8b79e8/idna-3.7-py3-none-any.whl", hash = "sha256:82fee1fc78add43492d3a1898bfa6d8a904cc97d8427f683ed8e798d07761aa0", size = 66836, upload-time = "2024-04-11T03:34:41.447Z" },
]

[[package]]
name = "influxdb-client"
version = "1.44.0"
source = { registry = "https://pypi.org/simple" }
dependencies = [
    { name = "certifi" },
    { name = "python-dateutil" },
    { name = "reactivex" },
    { name = "setuptools" },
    { name = "urllib3" },
]
sdist = { url = "https://files.pythonhosted.org/packages/9e/a1/ab4f2a3b90334c2e7cb795fbc85483a30134078b1bad0a165a34cb827aa7/influxdb_client-1.44.0.tar.gz", hash = "sha256:da9bc0cc49de4a0ac844d833c1efa65227ec5a2254e63cdbe07b5d532c0c37f8", size = 383285, upload-time = "2024-06-24T09:48:28.669Z" }
wheels = [
    { url = "https://files.pythonhosted.org/packages/9f/ad/a529bf2a6f2a83a60c4bde28144f3dbc4feb8104adb168ea15c5ea7b3d4c/influxdb_client-1.44.0-py3-none-any.whl", hash = "sha256:e4c1ac9c9925c4693d63e988e22f65d2ddc1867f8910813b7f4721633175f2a0", size = 745421, upload-time = "2024-06-24T09:48:24.88Z" },
]

[[package]]
name = "jmespath"
version = "1.0.1"
source = { registry = "https://pypi.org/simple" }
sdist = { url = "https://files.pythonhosted.org/packages/00/2a/e867e8531cf3e36b41201936b7fa7ba7b5702dbef42922193f05c8976cd6/jmespath-1.0.1.tar.gz", hash = "sha256:90261b206d6defd58fdd5e85f478bf633a2901798906be2ad389150c5c60edbe", size = 25843, upload-time = "2022-06-17T18:00:12.224Z" }
wheels = [
    { url = "https://files.pythonhosted.org/packages/31/b4/b9b800c45527aadd64d5b442f9b932b00648617eb5d63d2c7a6587b7cafc/jmespath-1.0.1-py3-none-any.whl", hash = "sha256:02e2e4cc71b5bcab88332eebf907519190dd9e6e82107fa7f83b1003a6252980", size = 20256, upload-time = "2022-06-17T18:00:10.251Z" },
]

[[package]]
name = "pyhumps"
version = "3.8.0"
source = { registry = "https://pypi.org/simple" }
sdist = { url = "https://files.pythonhosted.org/packages/c4/83/fa6f8fb7accb21f39e8f2b6a18f76f6d90626bdb0a5e5448e5cc9b8ab014/pyhumps-3.8.0.tar.gz", hash = "sha256:498026258f7ee1a8e447c2e28526c0bea9407f9a59c03260aee4bd6c04d681a3", size = 9018, upload-time = "2022-10-21T10:38:59.496Z" }
wheels = [
    { url = "https://files.pythonhosted.org/packages/9e/11/a1938340ecb32d71e47ad4914843775011e6e9da59ba1229f181fef3119e/pyhumps-3.8.0-py3-none-any.whl", hash = "sha256:060e1954d9069f428232a1adda165db0b9d8dfdce1d265d36df7fbff540acfd6", size = 6095, upload-time = "2022-10-21T10:38:58.231Z" },
]

[[package]]
name = "pymongo"
version = "4.14.0"
source = { registry = "https://pypi.org/simple" }
dependencies = [
    { name = "dnspython" },
]
sdist = { url = "https://files.pythonhosted.org/packages/bf/1c/f148bb1747c48955dbeea34a53c6d60b858f902c61c62330d277ee806af7/pymongo-4.14.0.tar.gz", hash = "sha256:15674e3fddce78cf134fc4e55f90abf1608a48430130cd35efdf3802fd47a1d1", size = 2213509, upload-time = "2025-08-06T13:41:11.04Z" }
wheels = [
    { url = "https://files.pythonhosted.org/packages/ca/fd/71936f5188d76e1e5d86749c39fb15f7aaf7fdc0a81d62ca084cad9ed740/pymongo-4.14.0-cp312-cp312-macosx_10_13_x86_64.whl", hash = "sha256:864f005459ef9b19c60cb96ca755124e0291d211000859f33c62a166f55eba27", size = 914026, upload-time = "2025-08-06T13:40:06.024Z" },
    { url = "https://files.pythonhosted.org/packages/bd/7e/821ec87233b0cdc0cb5b2f9845d7ff52e94e5a37cc05c6d59a3d6c5f6f98/pymongo-4.14.0-cp312-cp312-macosx_11_0_arm64.whl", hash = "sha256:69956f971a6f8dafc62e5c83ac21ebf15d5757e13758284f12218ad7fbd3c0fe", size = 913721, upload-time = "2025-08-06T13:40:07.459Z" },
    { url = "https://files.pythonhosted.org/packages/82/67/174f6b92efe4da967e8fcbaa25e59c6cb06efd395cacc9558c1254565031/pymongo-4.14.0-cp312-cp312-manylinux_2_17_aarch64.manylinux2014_aarch64.whl", hash = "sha256:91200f47453a1cb97136629e28f4091a109756ec37067b622f90c4b626b4af8d", size = 1692360, upload-time = "2025-08-06T13:40:08.857Z" },
    { url = "https://files.pythonhosted.org/packages/d1/b5/36e84df138cd4a8280334ed5e6e7f5fa52a9cbe933cd68d9e10c9bca6639/pymongo-4.14.0-cp312-cp312-manylinux_2_17_ppc64le.manylinux2014_ppc64le.whl", hash = "sha256:c32f5e23e9dd31e20800d993f3695b6627664dc7da30ac1669f9716833b33175", size = 1756598, upload-time = "2025-08-06T13:40:10.61Z" },
    { url = "https://files.pythonhosted.org/packages/ad/7f/c6964ce567a4cc6248d7f0959af9b7d9e51837a3ca3d54b15ade6eecf376/pymongo-4.14.0-cp312-cp312-manylinux_2_17_s390x.manylinux2014_s390x.whl", hash = "sha256:f4407c1ab7514e08d4af0f58cf9d7eddc86e45e458fe46f99a72a5d18dbc71dc", size = 1725641, upload-time = "2025-08-06T13:40:12.07Z" },
    { url = "https://files.pythonhosted.org/packages/7d/5b/827dca0b1b53118a96749a63886c1bbc04bf56b68424038baf7dabc98380/pymongo-4.14.0-cp312-cp312-manylinux_2_17_x86_64.manylinux2014_x86_64.whl", hash = "sha256:0ec6666e599ee10cc5cde0cc6a8519373384a14af3a310ede1bf177105f38fb0", size = 1695618, upload-time = "2025-08-06T13:40:13.845Z" },
    { url = "https://files.pythonhosted.org/packages/9e/45/f53f6531836f9da26b753c60e0d0a0c6f22ac023ba8ef1286addf56ce86f/pymongo-4.14.0-cp312-cp312-manylinux_2_5_i686.manylinux1_i686.manylinux_2_17_i686.manylinux2014_i686.whl", hash = "sha256:a809a982a843bb561c7030059d54ea7f1dcc967cc72a45f1435695e2a2a515a5", size = 1654748, upload-time = "2025-08-06T13:40:15.401Z" },
    { url = "https://files.pythonhosted.org/packages/83/3b/4b33d36c00a0c44889322b8e9a0650aa5668bc531f6301f01ad7a242d120/pymongo-4.14.0-cp312-cp312-win32.whl", hash = "sha256:3866d031fcbe81d7677c078026e650aeef8915560ba758a28051debce38f6b77", size = 884844, upload-time = "2025-08-06T13:40:17.21Z" },
    { url = "https://files.pythonhosted.org/packages/eb/f6/68b52e16fb831c246171379ae2115cc8cb282f6b7b47fbe7fb8cc4b9df1f/pymongo-4.14.0-cp312-cp312-win_amd64.whl", hash = "sha256:91b8de871a40225bbe4f92d6dc3f20c26bf838e49d3563592131401af0d665a6", size = 904277, upload-time = "2025-08-06T13:40:18.722Z" },
    { url = "https://files.pythonhosted.org/packages/97/99/d6c145e57387bfa2b6d90f4f5285f2b0903625733dcc6403aa9d7abeddbb/pymongo-4.14.0-cp313-cp313-macosx_10_13_x86_64.whl", hash = "sha256:54576faf8e6fefe17886a201f9df61bdf728ccac9a7a0847095a0e8480cd6ec1", size = 968259, upload-time = "2025-08-06T13:40:20.551Z" },
    { url = "https://files.pythonhosted.org/packages/8d/36/5226af83554bbfa0d754aa1ab022af92f64a2376604d56c9a8c50e247b85/pymongo-4.14.0-cp313-cp313-macosx_11_0_arm64.whl", hash = "sha256:c64ef5e58adedecb853a680eb5d1aea50770197f212e202d6eb50c801797b576", size = 967959, upload-time = "2025-08-06T13:40:21.962Z" },
    { url = "https://files.pythonhosted.org/packages/6d/f5/4e627e3e5230e8c62c5fe218b5cb1347a1b01932fd6446c3f03e18ec29c5/pymongo-4.14.0-cp313-cp313-manylinux_2_17_aarch64.manylinux2014_aarch64.whl", hash = "sha256:5f1c0cdddf9783065bf55d3fe025843c0974a828bafc9bb5514ae28dd2828a40", size = 1956074, upload-time = "2025-08-06T13:40:23.413Z" },
    { url = "https://files.pythonhosted.org/packages/16/05/989cfdc8536245a55a549f76ba20356822ebfce752e72a5164bd0795ace0/pymongo-4.14.0-cp313-cp313-manylinux_2_17_ppc64le.manylinux2014_ppc64le.whl", hash = "sha256:22805d4fa587b526ac3129ee634a8761abbeb76883045718438f5b8e72f91ce6", size = 2033427, upload-time = "2025-08-06T13:40:25.325Z" },
    { url = "https://files.pythonhosted.org/packages/93/a5/fafef0230fa6cc5d4bb5addcea77d8b71f4eca4d31a5a596d26398aaa45a/pymongo-4.14.0-cp313-cp313-manylinux_2_17_s390x.manylinux2014_s390x.whl", hash = "sha256:7c3e6e669cf36b27694de2730f5d5b31ef492ffe99446563192c4e8ee84ca859", size = 1997344, upload-time = "2025-08-06T13:40:26.91Z" },
    { url = "https://files.pythonhosted.org/packages/9b/6c/1170d5c8e087832dba2b0930ec90bafde8a59efa37b521d9a5902ec9d282/pymongo-4.14.0-cp313-cp313-manylinux_2_17_x86_64.manylinux2014_x86_64.whl", hash = "sha256:9763a2477d5388df65ab6f591cf0cb7fd34f4a66f873c31e63288fd79887742c", size = 1958072, upload-time = "2025-08-06T13:40:28.865Z" },
    { url = "https://files.pythonhosted.org/packages/27/7b/bb07c7c4c102046ff92f3acd05d85870e06a08df2a0fcd2e87586f2516fe/pymongo-4.14.0-cp313-cp313-manylinux_2_5_i686.manylinux1_i686.manylinux_2_17_i686.manylinux2014_i686.whl", hash = "sha256:88d6f5aceab3528b8760942a57635599925f7fd743691f9d759a02124207dfd0", size = 1907647, upload-time = "2025-08-06T13:40:30.435Z" },
    { url = "https://files.pythonhosted.org/packages/21/e6/c0ee2163133f1a437cd3b0308521e24181b69b5510b9eabde9ee86999c12/pymongo-4.14.0-cp313-cp313-win32.whl", hash = "sha256:e283feafde118cbbb03adc036b882be042b0a2eca121ec5d6bbec3e12980e8fa", size = 931673, upload-time = "2025-08-06T13:40:31.956Z" },
    { url = "https://files.pythonhosted.org/packages/ec/1d/1692f0696d8e6bcb3e43469999eeb92d5f0acdb9a50aca2c869820321df9/pymongo-4.14.0-cp313-cp313-win_amd64.whl", hash = "sha256:a29b62d421a512833e99d4781b64e695cfe23b4c4a9159ea83e56fc2660f2480", size = 955893, upload-time = "2025-08-06T13:40:33.461Z" },
    { url = "https://files.pythonhosted.org/packages/fd/19/f3ed531d7151dc2d1be27746c206e74403283873ec5d12170616982eccb0/pymongo-4.14.0-cp313-cp313t-macosx_10_13_x86_64.whl", hash = "sha256:67225d5fb1be2a34c6f73cde9d81a8041a095a94ed2433e2cf9e2f1657443def", size = 1024757, upload-time = "2025-08-06T13:40:35.277Z" },
    { url = "https://files.pythonhosted.org/packages/36/f9/38782d41e16d11ba540ddfc618104e249a5b950a446b8a77a17f3416c6e6/pymongo-4.14.0-cp313-cp313t-macosx_11_0_arm64.whl", hash = "sha256:bbf0dbe8554978c1271bdc82366852245a03ab124a1387b6f3531f64adac3c39", size = 1024765, upload-time = "2025-08-06T13:40:36.797Z" },
    { url = "https://files.pythonhosted.org/packages/82/75/b385aa6ed09d077b47b00d4bc3c4b9bdac97b50fde3be7599ff9ceef8cbc/pymongo-4.14.0-cp313-cp313t-manylinux_2_17_aarch64.manylinux2014_aarch64.whl", hash = "sha256:b7f61561cbc7426ffc2d37b46e65ab5323fc366644f70c8e2240ed5452e2c402", size = 2284433, upload-time = "2025-08-06T13:40:38.35Z" },
    { url = "https://files.pythonhosted.org/packages/f2/29/d0dbf281e58e26dbeef4e972905b371c63d33c5aa8caa0d58140224bfee5/pymongo-4.14.0-cp313-cp313t-manylinux_2_17_ppc64le.manylinux2014_ppc64le.whl", hash = "sha256:502cd551679753fb7838221c3bbb963da4b4aa0576848192afb1f78128ff729a", size = 2371473, upload-time = "2025-08-06T13:40:39.852Z" },
    { url = "https://files.pythonhosted.org/packages/db/eb/089dfc96a29881ed17964705ea254da2f8b3aebf9754abd6aaa8125e1589/pymongo-4.14.0-cp313-cp313t-manylinux_2_17_s390x.manylinux2014_s390x.whl", hash = "sha256:cba6b59afef2b47c4859bf36115fa577330601b93e39d04f39fcc6103e801286", size = 2330862, upload-time = "2025-08-06T13:40:41.803Z" },
    { url = "https://files.pythonhosted.org/packages/35/07/b4f1215314e5f1114a899c33f17219b1f590502c736058c50571fa189ed1/pymongo-4.14.0-cp313-cp313t-manylinux_2_17_x86_64.manylinux2014_x86_64.whl", hash = "sha256:1c0fa103f978c15f7c2f0d7b2e010c24c327432a0310503bc0ec93c5f9be9e81", size = 2282058, upload-time = "2025-08-06T13:40:43.467Z" },
    { url = "https://files.pythonhosted.org/packages/c0/a1/87340e5a38003ef3591fdfc4b911fb32531b0dbbed8ab2431006858590fe/pymongo-4.14.0-cp313-cp313t-manylinux_2_5_i686.manylinux1_i686.manylinux_2_17_i686.manylinux2014_i686.whl", hash = "sha256:5fe93676afe37794f01b8df5cf16528dce4d7d174cdf51ea1586c234eb5263c2", size = 2221380, upload-time = "2025-08-06T13:40:45.256Z" },
    { url = "https://files.pythonhosted.org/packages/0a/68/3970d18b0b58c4681598bc1e233f33c15ff0c388422b17ddd195e214f35d/pymongo-4.14.0-cp313-cp313t-win32.whl", hash = "sha256:1462fc2bb39527f01eea5378172b66c45d62e22fa4be957afe2ec747c4d2ff51", size = 980892, upload-time = "2025-08-06T13:40:46.908Z" },
    { url = "https://files.pythonhosted.org/packages/2d/fa/68b1555e62ed3ee87f8a2de99d5fb840cf045748da4488870b4dced44a95/pymongo-4.14.0-cp313-cp313t-win_amd64.whl", hash = "sha256:e506af9b25aac77cc5c5ea4a72f81764e4f5ea90ca799aac43d665ab269f291d", size = 1011181, upload-time = "2025-08-06T13:40:48.641Z" },
]

[[package]]
name = "python-dateutil"
version = "2.9.0.post0"
source = { registry = "https://pypi.org/simple" }
dependencies = [
    { name = "six" },
]
sdist = { url = "https://files.pythonhosted.org/packages/66/c0/0c8b6ad9f17a802ee498c46e004a0eb49bc148f2fd230864601a86dcf6db/python-dateutil-2.9.0.post0.tar.gz", hash = "sha256:37dd54208da7e1cd875388217d5e00ebd4179249f90fb72437e91a35459a0ad3", size = 342432, upload-time = "2024-03-01T18:36:20.211Z" }
wheels = [
    { url = "https://files.pythonhosted.org/packages/ec/57/56b9bcc3c9c6a792fcbaf139543cee77261f3651ca9da0c93f5c1221264b/python_dateutil-2.9.0.post0-py2.py3-none-any.whl", hash = "sha256:a8b2bc7bffae282281c8140a97d3aa9c14da0b136dfe83f850eea9a5f7470427", size = 229892, upload-time = "2024-03-01T18:36:18.57Z" },
]

[[package]]
name = "python-switchbot"
version = "2.3.1"
source = { registry = "https://pypi.org/simple" }
dependencies = [
    { name = "pyhumps" },
    { name = "requests" },
]
sdist = { url = "https://files.pythonhosted.org/packages/89/4b/987b4d6652a0eb4202c4c6c366f2836f8d25e638b58fe8a0ff942b097773/python-switchbot-2.3.1.tar.gz", hash = "sha256:b9f204df26abf227a5d3aca8e12b7c79ed6e4f58e5e1546ca4188393e85dca35", size = 5354, upload-time = "2023-04-09T05:37:17.988Z" }
wheels = [
    { url = "https://files.pythonhosted.org/packages/8e/a5/a8a1f6fd6eba73bf5ddb3391a554d8831e6e82b2d2eec86de1ca709d3194/python_switchbot-2.3.1-py3-none-any.whl", hash = "sha256:f014817313b8b67d370352f74ac4b4976255051ca4198ea84d3d90d219f39f17", size = 6956, upload-time = "2023-04-09T05:37:16.426Z" },
]

[[package]]
name = "reactivex"
version = "4.0.4"
source = { registry = "https://pypi.org/simple" }
dependencies = [
    { name = "typing-extensions" },
]
sdist = { url = "https://files.pythonhosted.org/packages/ef/63/f776322df4d7b456446eff78c4e64f14c3c26d57d46b4e06c18807d5d99c/reactivex-4.0.4.tar.gz", hash = "sha256:e912e6591022ab9176df8348a653fe8c8fa7a301f26f9931c9d8c78a650e04e8", size = 119177, upload-time = "2022-07-16T07:11:53.689Z" }
wheels = [
    { url = "https://files.pythonhosted.org/packages/69/3f/2ed8c1b8fe3fc2ed816ba40554ef703aad8c51700e2606c139fcf9b7f791/reactivex-4.0.4-py3-none-any.whl", hash = "sha256:0004796c420bd9e68aad8e65627d85a8e13f293de76656165dffbcb3a0e3fb6a", size = 217791, upload-time = "2022-07-16T07:11:52.061Z" },
]

[[package]]
name = "requests"
version = "2.32.3"
source = { registry = "https://pypi.org/simple" }
dependencies = [
    { name = "certifi" },
    { name = "charset-normalizer" },
    { name = "idna" },
    { name = "urllib3" },
]
sdist = { url = "https://files.pythonhosted.org/packages/63/70/2bf7780ad2d390a8d301ad0b550f1581eadbd9a20f896afe06353c2a2913/requests-2.32.3.tar.gz", hash = "sha256:55365417734eb18255590a9ff9eb97e9e1da868d4ccd6402399eaf68af20a760", size = 131218, upload-time = "2024-05-29T15:37:49.536Z" }
wheels = [
    { url = "https://files.pythonhosted.org/packages/f9/9b/335f9764261e915ed497fcdeb11df5dfd6f7bf257d4a6a2a686d80da4d54/requests-2.32.3-py3-none-any.whl", hash = "sha256:70761cfe03c773ceb22aa2f671b4757976145175cdfca038c02654d061d6dcc6", size = 64928, upload-time = "2024-05-29T15:37:47.027Z" },
]

[[package]]
name = "s3transfer"
version = "0.14.0"
source = { registry = "https://pypi.org/simple" }
dependencies = [
    { name = "botocore" },
]
sdist = { url = "https://files.pythonhosted.org/packages/62/74/8d69dcb7a9efe8baa2046891735e5dfe433ad558ae23d9e3c14c633d1d58/s3transfer-0.14.0.tar.gz", hash = "sha256:eff12264e7c8b4985074ccce27a3b38a485bb7f7422cc8046fee9be4983e4125", size = 151547, upload-time = "2025-09-09T19:23:31.089Z" }
wheels = [
    { url = "https://files.pythonhosted.org/packages/48/f0/ae7ca09223a81a1d890b2557186ea015f6e0502e9b8cb8e1813f1d8cfa4e/s3transfer-0.14.0-py3-none-any.whl", hash = "sha256:ea3b790c7077558ed1f02a3072fb3cb992bbbd253392f4b6e9e8976941c7d456", size = 85712, upload-time = "2025-09-09T19:23:30.041Z" },
]

[[package]]
name = "setuptools"
version = "70.2.0"
source = { registry = "https://pypi.org/simple" }
sdist = { url = "https://files.pythonhosted.org/packages/8d/e6/2fc95aec377988ff3ca882aa58d4f6ab35ff59a12b1611a9fe3075eb3019/setuptools-70.2.0.tar.gz", hash = "sha256:bd63e505105011b25c3c11f753f7e3b8465ea739efddaccef8f0efac2137bac1", size = 2332711, upload-time = "2024-07-01T16:32:41.666Z" }
wheels = [
    { url = "https://files.pythonhosted.org/packages/42/54/2a8ecfcc9a714a6fbf86559a4b0f50b126a4ac4269ea8134f2c75c3e73de/setuptools-70.2.0-py3-none-any.whl", hash = "sha256:b8b8060bb426838fbe942479c90296ce976249451118ef566a5a0b7d8b78fb05", size = 930834, upload-time = "2024-07-01T16:32:34.354Z" },
]

[[package]]
name = "six"
version = "1.16.0"
source = { registry = "https://pypi.org/simple" }
sdist = { url = "https://files.pythonhosted.org/packages/71/39/171f1c67cd00715f190ba0b100d606d440a28c93c7714febeca8b79af85e/six-1.16.0.tar.gz", hash = "sha256:1e61c37477a1626458e36f7b1d82aa5c9b094fa4802892072e49de9c60c4c926", size = 34041, upload-time = "2021-05-05T14:18:18.379Z" }
wheels = [
    { url = "https://files.pythonhosted.org/packages/d9/5a/e7c31adbe875f2abbb91bd84cf2dc52d792b5a01506781dbcf25c91daf11/six-1.16.0-py2.py3-none-any.whl", hash = "sha256:8abb2f1d86890a2dfb989f9a77cfcfd3e47c2a354b01111771326f8aa26e0254", size = 11053, upload-time = "2021-05-05T14:18:17.237Z" },
]

[[package]]
name = "switchbot-meter-database"
version = "0.1.0"
source = { virtual = "." }
dependencies = [
    { name = "boto3" },
    { name = "influxdb-client" },
    { name = "pymongo" },
    { name = "python-switchbot" },
    { name = "requests" },
]

[package.dev-dependencies]
dev = [
    { name = "types-influxdb-client" },
    { name = "types-requests" },
]

[package.metadata]
requires-dist = [
    { name = "boto3", specifier = ">=1.40.30" },
    { name = "influxdb-client", specifier = ">=1.36.1,<2" },
    { name = "pymongo", specifier = ">=4.14.0" },
    { name = "python-switchbot", specifier = ">=2.3.1,<3" },
    { name = "requests", specifier = ">=2.28.2,<3" },
]

[package.metadata.requires-dev]
dev = [
    { name = "types-influxdb-client", specifier = ">=1.45.0.20241221" },
    { name = "types-requests", specifier = ">=2.28.11.15,<3" },
]

[[package]]
name = "types-influxdb-client"
version = "1.45.0.20241221"
source = { registry = "https://pypi.org/simple" }
dependencies = [
    { name = "urllib3" },
]
sdist = { url = "https://files.pythonhosted.org/packages/12/5f/abd3ab276e5f88738570ccf044548c81b6b43018e689b0153a68bbfe2e71/types_influxdb_client-1.45.0.20241221.tar.gz", hash = "sha256:9a643c3cbc2e607179858bf3cf888355e522ad9e358149d53107aa2c9d1a3ec8", size = 78686, upload-time = "2024-12-21T02:42:21.179Z" }
wheels = [
    { url = "https://files.pythonhosted.org/packages/8f/92/590689c98158ece6347dc47421d27d7419a30319d28f4d92353174ecef28/types_influxdb_client-1.45.0.20241221-py3-none-any.whl", hash = "sha256:599a40595e5ccdda2d396357cbc586f21bc06e26ead5ed9e27c36ce02adaa505", size = 227717, upload-time = "2024-12-21T02:42:20.044Z" },
]

[[package]]
name = "types-requests"
version = "2.32.0.20240622"
source = { registry = "https://pypi.org/simple" }
dependencies = [
    { name = "urllib3" },
]
sdist = { url = "https://files.pythonhosted.org/packages/cf/99/ab96b7a68b26bbcff2865d0aa71bf6a895f04397a303dc027f96c58c4a58/types-requests-2.32.0.20240622.tar.gz", hash = "sha256:ed5e8a412fcc39159d6319385c009d642845f250c63902718f605cd90faade31", size = 17675, upload-time = "2024-06-22T02:23:05.437Z" }
wheels = [
    { url = "https://files.pythonhosted.org/packages/8f/d0/409f7b40f9c34896b153c911d442c6e8d0f78035ddbfa387183aec5aa8c5/types_requests-2.32.0.20240622-py3-none-any.whl", hash = "sha256:97bac6b54b5bd4cf91d407e62f0932a74821bc2211f22116d9ee1dd643826caf", size = 15784, upload-time = "2024-06-22T02:23:03.651Z" },
]

[[package]]
name = "typing-extensions"
version = "4.12.2"
source = { registry = "https://pypi.org/simple" }
sdist = { url = "https://files.pythonhosted.org/packages/df/db/f35a00659bc03fec321ba8bce9420de607a1d37f8342eee1863174c69557/typing_extensions-4.12.2.tar.gz", hash = "sha256:1a7ead55c7e559dd4dee8856e3a88b41225abfe1ce8df57b7c13915fe121ffb8", size = 85321, upload-time = "2024-06-07T18:52:15.995Z" }
wheels = [
    { url = "https://files.pythonhosted.org/packages/26/9f/ad63fc0248c5379346306f8668cda6e2e2e9c95e01216d2b8ffd9ff037d0/typing_extensions-4.12.2-py3-none-any.whl", hash = "sha256:04e5ca0351e0f3f85c6853954072df659d0d13fac324d0072316b67d7794700d", size = 37438, upload-time = "2024-06-07T18:52:13.582Z" },
]

[[package]]
name = "urllib3"
version = "2.2.2"
source = { registry = "https://pypi.org/simple" }
sdist = { url = "https://files.pythonhosted.org/packages/43/6d/fa469ae21497ddc8bc93e5877702dca7cb8f911e337aca7452b5724f1bb6/urllib3-2.2.2.tar.gz", hash = "sha256:dd505485549a7a552833da5e6063639d0d177c04f23bc3864e41e5dc5f612168", size = 292266, upload-time = "2024-06-17T13:40:11.401Z" }
wheels = [
    { url = "https://files.pythonhosted.org/packages/ca/1c/89ffc63a9605b583d5df2be791a27bc1a42b7c32bab68d3c8f2f73a98cd4/urllib3-2.2.2-py3-none-any.whl", hash = "sha256:a448b2f64d686155468037e1ace9f2d2199776e17f0a46610480d311f73e3472", size = 121444, upload-time = "2024-06-17T13:40:07.795Z" },
]
